// !$*UTF8*$!
{
	archiveVersion = 1;
	classes = {
	};
	objectVersion = 50;
	objects = {

/* Begin PBXBuildFile section */
		E6BB5A662236BA390043240A /* AppDelegate.swift in Sources */ = {isa = PBXBuildFile; fileRef = E6BB5A652236BA390043240A /* AppDelegate.swift */; };
		E6BB5A682236BA390043240A /* MainController.swift in Sources */ = {isa = PBXBuildFile; fileRef = E6BB5A672236BA390043240A /* MainController.swift */; };
		E6BB5A6B2236BA390043240A /* Main.storyboard in Resources */ = {isa = PBXBuildFile; fileRef = E6BB5A692236BA390043240A /* Main.storyboard */; };
		E6BB5A6D2236BA3B0043240A /* Assets.xcassets in Resources */ = {isa = PBXBuildFile; fileRef = E6BB5A6C2236BA3B0043240A /* Assets.xcassets */; };
		E6BB5A702236BA3B0043240A /* LaunchScreen.storyboard in Resources */ = {isa = PBXBuildFile; fileRef = E6BB5A6E2236BA3B0043240A /* LaunchScreen.storyboard */; };
		E6BB5A7B2236BA3B0043240A /* DemoProjectTests.swift in Sources */ = {isa = PBXBuildFile; fileRef = E6BB5A7A2236BA3B0043240A /* DemoProjectTests.swift */; };
		E6BB5A862236BA3B0043240A /* DemoProjectUITests.swift in Sources */ = {isa = PBXBuildFile; fileRef = E6BB5A852236BA3B0043240A /* DemoProjectUITests.swift */; };
		E6BB5AB52236D3740043240A /* DemoSDK.framework in Frameworks */ = {isa = PBXBuildFile; fileRef = E6BB5AAC2236D3740043240A /* DemoSDK.framework */; };
		E6BB5ABC2236D3740043240A /* DemoSDKTests.swift in Sources */ = {isa = PBXBuildFile; fileRef = E6BB5ABB2236D3740043240A /* DemoSDKTests.swift */; };
		E6BB5ABE2236D3740043240A /* DemoSDK.h in Headers */ = {isa = PBXBuildFile; fileRef = E6BB5AAE2236D3740043240A /* DemoSDK.h */; settings = {ATTRIBUTES = (Public, ); }; };
		E6BB5AC12236D3740043240A /* DemoSDK.framework in Frameworks */ = {isa = PBXBuildFile; fileRef = E6BB5AAC2236D3740043240A /* DemoSDK.framework */; };
		E6BB5AC22236D3740043240A /* DemoSDK.framework in Embed Frameworks */ = {isa = PBXBuildFile; fileRef = E6BB5AAC2236D3740043240A /* DemoSDK.framework */; settings = {ATTRIBUTES = (CodeSignOnCopy, RemoveHeadersOnCopy, ); }; };
		E6BB5ACB2236D39C0043240A /* DemoSDK.swift in Sources */ = {isa = PBXBuildFile; fileRef = E6BB5ACA2236D39C0043240A /* DemoSDK.swift */; };
		E6BB5ACD2236D3AE0043240A /* sample.json in Resources */ = {isa = PBXBuildFile; fileRef = E6BB5ACC2236D3AE0043240A /* sample.json */; };
		E6C7459F22383B35004D752E /* Mall.swift in Sources */ = {isa = PBXBuildFile; fileRef = E6C7459B22383B34004D752E /* Mall.swift */; };
		E6C745A022383B35004D752E /* Shop.swift in Sources */ = {isa = PBXBuildFile; fileRef = E6C7459C22383B34004D752E /* Shop.swift */; };
		E6C745A122383B35004D752E /* City.swift in Sources */ = {isa = PBXBuildFile; fileRef = E6C7459D22383B34004D752E /* City.swift */; };
		E6C745A222383B35004D752E /* Root.swift in Sources */ = {isa = PBXBuildFile; fileRef = E6C7459E22383B35004D752E /* Root.swift */; };
		E6C745A422385A2B004D752E /* MallController.swift in Sources */ = {isa = PBXBuildFile; fileRef = E6C745A322385A2B004D752E /* MallController.swift */; };
		E6C745B92239720F004D752E /* test1.json in Resources */ = {isa = PBXBuildFile; fileRef = E6C745B82239720F004D752E /* test1.json */; };
		E6C745BB22397227004D752E /* test2.json in Resources */ = {isa = PBXBuildFile; fileRef = E6C745BA22397227004D752E /* test2.json */; };
		E6F2D4462236E4E00047F449 /* LabelCell.swift in Sources */ = {isa = PBXBuildFile; fileRef = E6F2D4442236E4E00047F449 /* LabelCell.swift */; };
		E6F2D4472236E4E00047F449 /* LabelCell.xib in Resources */ = {isa = PBXBuildFile; fileRef = E6F2D4452236E4E00047F449 /* LabelCell.xib */; };
		E6F2D44A2236EA690047F449 /* CityController.swift in Sources */ = {isa = PBXBuildFile; fileRef = E6F2D4492236EA690047F449 /* CityController.swift */; };
		E6F2D44C2236F3A10047F449 /* DetailViewCell.swift in Sources */ = {isa = PBXBuildFile; fileRef = E6F2D44B2236F3A10047F449 /* DetailViewCell.swift */; };
/* End PBXBuildFile section */

/* Begin PBXContainerItemProxy section */
		E6BB5A772236BA3B0043240A /* PBXContainerItemProxy */ = {
			isa = PBXContainerItemProxy;
			containerPortal = E6BB5A5A2236BA390043240A /* Project object */;
			proxyType = 1;
			remoteGlobalIDString = E6BB5A612236BA390043240A;
			remoteInfo = DemoProject;
		};
		E6BB5A822236BA3B0043240A /* PBXContainerItemProxy */ = {
			isa = PBXContainerItemProxy;
			containerPortal = E6BB5A5A2236BA390043240A /* Project object */;
			proxyType = 1;
			remoteGlobalIDString = E6BB5A612236BA390043240A;
			remoteInfo = DemoProject;
		};
		E6BB5AB62236D3740043240A /* PBXContainerItemProxy */ = {
			isa = PBXContainerItemProxy;
			containerPortal = E6BB5A5A2236BA390043240A /* Project object */;
			proxyType = 1;
			remoteGlobalIDString = E6BB5AAB2236D3740043240A;
			remoteInfo = DemoSDK;
		};
		E6BB5AB82236D3740043240A /* PBXContainerItemProxy */ = {
			isa = PBXContainerItemProxy;
			containerPortal = E6BB5A5A2236BA390043240A /* Project object */;
			proxyType = 1;
			remoteGlobalIDString = E6BB5A612236BA390043240A;
			remoteInfo = DemoProject;
		};
		E6BB5ABF2236D3740043240A /* PBXContainerItemProxy */ = {
			isa = PBXContainerItemProxy;
			containerPortal = E6BB5A5A2236BA390043240A /* Project object */;
			proxyType = 1;
			remoteGlobalIDString = E6BB5AAB2236D3740043240A;
			remoteInfo = DemoSDK;
		};
/* End PBXContainerItemProxy section */

/* Begin PBXCopyFilesBuildPhase section */
		E6BB5AC82236D3740043240A /* Embed Frameworks */ = {
			isa = PBXCopyFilesBuildPhase;
			buildActionMask = 2147483647;
			dstPath = "";
			dstSubfolderSpec = 10;
			files = (
				E6BB5AC22236D3740043240A /* DemoSDK.framework in Embed Frameworks */,
			);
			name = "Embed Frameworks";
			runOnlyForDeploymentPostprocessing = 0;
		};
/* End PBXCopyFilesBuildPhase section */

/* Begin PBXFileReference section */
		E6BB5A622236BA390043240A /* DemoProject.app */ = {isa = PBXFileReference; explicitFileType = wrapper.application; includeInIndex = 0; path = DemoProject.app; sourceTree = BUILT_PRODUCTS_DIR; };
		E6BB5A652236BA390043240A /* AppDelegate.swift */ = {isa = PBXFileReference; lastKnownFileType = sourcecode.swift; path = AppDelegate.swift; sourceTree = "<group>"; };
		E6BB5A672236BA390043240A /* MainController.swift */ = {isa = PBXFileReference; lastKnownFileType = sourcecode.swift; path = MainController.swift; sourceTree = "<group>"; };
		E6BB5A6A2236BA390043240A /* Base */ = {isa = PBXFileReference; lastKnownFileType = file.storyboard; name = Base; path = Base.lproj/Main.storyboard; sourceTree = "<group>"; };
		E6BB5A6C2236BA3B0043240A /* Assets.xcassets */ = {isa = PBXFileReference; lastKnownFileType = folder.assetcatalog; path = Assets.xcassets; sourceTree = "<group>"; };
		E6BB5A6F2236BA3B0043240A /* Base */ = {isa = PBXFileReference; lastKnownFileType = file.storyboard; name = Base; path = Base.lproj/LaunchScreen.storyboard; sourceTree = "<group>"; };
		E6BB5A712236BA3B0043240A /* Info.plist */ = {isa = PBXFileReference; lastKnownFileType = text.plist.xml; path = Info.plist; sourceTree = "<group>"; };
		E6BB5A762236BA3B0043240A /* DemoProjectTests.xctest */ = {isa = PBXFileReference; explicitFileType = wrapper.cfbundle; includeInIndex = 0; path = DemoProjectTests.xctest; sourceTree = BUILT_PRODUCTS_DIR; };
		E6BB5A7A2236BA3B0043240A /* DemoProjectTests.swift */ = {isa = PBXFileReference; lastKnownFileType = sourcecode.swift; path = DemoProjectTests.swift; sourceTree = "<group>"; };
		E6BB5A7C2236BA3B0043240A /* Info.plist */ = {isa = PBXFileReference; lastKnownFileType = text.plist.xml; path = Info.plist; sourceTree = "<group>"; };
		E6BB5A812236BA3B0043240A /* DemoProjectUITests.xctest */ = {isa = PBXFileReference; explicitFileType = wrapper.cfbundle; includeInIndex = 0; path = DemoProjectUITests.xctest; sourceTree = BUILT_PRODUCTS_DIR; };
		E6BB5A852236BA3B0043240A /* DemoProjectUITests.swift */ = {isa = PBXFileReference; lastKnownFileType = sourcecode.swift; path = DemoProjectUITests.swift; sourceTree = "<group>"; };
		E6BB5A872236BA3B0043240A /* Info.plist */ = {isa = PBXFileReference; lastKnownFileType = text.plist.xml; path = Info.plist; sourceTree = "<group>"; };
		E6BB5AAC2236D3740043240A /* DemoSDK.framework */ = {isa = PBXFileReference; explicitFileType = wrapper.framework; includeInIndex = 0; path = DemoSDK.framework; sourceTree = BUILT_PRODUCTS_DIR; };
		E6BB5AAE2236D3740043240A /* DemoSDK.h */ = {isa = PBXFileReference; lastKnownFileType = sourcecode.c.h; path = DemoSDK.h; sourceTree = "<group>"; };
		E6BB5AAF2236D3740043240A /* Info.plist */ = {isa = PBXFileReference; lastKnownFileType = text.plist.xml; path = Info.plist; sourceTree = "<group>"; };
		E6BB5AB42236D3740043240A /* DemoSDKTests.xctest */ = {isa = PBXFileReference; explicitFileType = wrapper.cfbundle; includeInIndex = 0; path = DemoSDKTests.xctest; sourceTree = BUILT_PRODUCTS_DIR; };
		E6BB5ABB2236D3740043240A /* DemoSDKTests.swift */ = {isa = PBXFileReference; lastKnownFileType = sourcecode.swift; path = DemoSDKTests.swift; sourceTree = "<group>"; };
		E6BB5ABD2236D3740043240A /* Info.plist */ = {isa = PBXFileReference; lastKnownFileType = text.plist.xml; path = Info.plist; sourceTree = "<group>"; };
		E6BB5ACA2236D39C0043240A /* DemoSDK.swift */ = {isa = PBXFileReference; lastKnownFileType = sourcecode.swift; path = DemoSDK.swift; sourceTree = "<group>"; };
		E6BB5ACC2236D3AE0043240A /* sample.json */ = {isa = PBXFileReference; fileEncoding = 4; lastKnownFileType = text.json; path = sample.json; sourceTree = SOURCE_ROOT; };
		E6C7459B22383B34004D752E /* Mall.swift */ = {isa = PBXFileReference; lastKnownFileType = sourcecode.swift; name = Mall.swift; path = /Users/manenga/dev/iOS/Framework/DemoProject/DemoSDK/Mall.swift; sourceTree = "<absolute>"; };
		E6C7459C22383B34004D752E /* Shop.swift */ = {isa = PBXFileReference; lastKnownFileType = sourcecode.swift; name = Shop.swift; path = /Users/manenga/dev/iOS/Framework/DemoProject/DemoSDK/Shop.swift; sourceTree = "<absolute>"; };
		E6C7459D22383B34004D752E /* City.swift */ = {isa = PBXFileReference; lastKnownFileType = sourcecode.swift; name = City.swift; path = /Users/manenga/dev/iOS/Framework/DemoProject/DemoSDK/City.swift; sourceTree = "<absolute>"; };
		E6C7459E22383B35004D752E /* Root.swift */ = {isa = PBXFileReference; lastKnownFileType = sourcecode.swift; name = Root.swift; path = /Users/manenga/dev/iOS/Framework/DemoProject/DemoSDK/Root.swift; sourceTree = "<absolute>"; };
		E6C745A322385A2B004D752E /* MallController.swift */ = {isa = PBXFileReference; lastKnownFileType = sourcecode.swift; path = MallController.swift; sourceTree = "<group>"; };
		E6C745B82239720F004D752E /* test1.json */ = {isa = PBXFileReference; fileEncoding = 4; lastKnownFileType = text.json; path = test1.json; sourceTree = SOURCE_ROOT; };
		E6C745BA22397227004D752E /* test2.json */ = {isa = PBXFileReference; fileEncoding = 4; lastKnownFileType = text.json; path = test2.json; sourceTree = "<group>"; };
		E6F2D4442236E4E00047F449 /* LabelCell.swift */ = {isa = PBXFileReference; lastKnownFileType = sourcecode.swift; path = LabelCell.swift; sourceTree = "<group>"; };
		E6F2D4452236E4E00047F449 /* LabelCell.xib */ = {isa = PBXFileReference; lastKnownFileType = file.xib; path = LabelCell.xib; sourceTree = "<group>"; };
		E6F2D4492236EA690047F449 /* CityController.swift */ = {isa = PBXFileReference; lastKnownFileType = sourcecode.swift; path = CityController.swift; sourceTree = "<group>"; };
		E6F2D44B2236F3A10047F449 /* DetailViewCell.swift */ = {isa = PBXFileReference; lastKnownFileType = sourcecode.swift; path = DetailViewCell.swift; sourceTree = "<group>"; };
/* End PBXFileReference section */

/* Begin PBXFrameworksBuildPhase section */
		E6BB5A5F2236BA390043240A /* Frameworks */ = {
			isa = PBXFrameworksBuildPhase;
			buildActionMask = 2147483647;
			files = (
				E6BB5AC12236D3740043240A /* DemoSDK.framework in Frameworks */,
			);
			runOnlyForDeploymentPostprocessing = 0;
		};
		E6BB5A732236BA3B0043240A /* Frameworks */ = {
			isa = PBXFrameworksBuildPhase;
			buildActionMask = 2147483647;
			files = (
			);
			runOnlyForDeploymentPostprocessing = 0;
		};
		E6BB5A7E2236BA3B0043240A /* Frameworks */ = {
			isa = PBXFrameworksBuildPhase;
			buildActionMask = 2147483647;
			files = (
			);
			runOnlyForDeploymentPostprocessing = 0;
		};
		E6BB5AA92236D3740043240A /* Frameworks */ = {
			isa = PBXFrameworksBuildPhase;
			buildActionMask = 2147483647;
			files = (
			);
			runOnlyForDeploymentPostprocessing = 0;
		};
		E6BB5AB12236D3740043240A /* Frameworks */ = {
			isa = PBXFrameworksBuildPhase;
			buildActionMask = 2147483647;
			files = (
				E6BB5AB52236D3740043240A /* DemoSDK.framework in Frameworks */,
			);
			runOnlyForDeploymentPostprocessing = 0;
		};
/* End PBXFrameworksBuildPhase section */

/* Begin PBXGroup section */
		E6BB5A592236BA390043240A = {
			isa = PBXGroup;
			children = (
				E6BB5A642236BA390043240A /* DemoProject */,
				E6BB5A792236BA3B0043240A /* DemoProjectTests */,
				E6BB5A842236BA3B0043240A /* DemoProjectUITests */,
				E6BB5AAD2236D3740043240A /* DemoSDK */,
				E6BB5ABA2236D3740043240A /* DemoSDKTests */,
				E6BB5A632236BA390043240A /* Products */,
			);
			sourceTree = "<group>";
		};
		E6BB5A632236BA390043240A /* Products */ = {
			isa = PBXGroup;
			children = (
				E6BB5A622236BA390043240A /* DemoProject.app */,
				E6BB5A762236BA3B0043240A /* DemoProjectTests.xctest */,
				E6BB5A812236BA3B0043240A /* DemoProjectUITests.xctest */,
				E6BB5AAC2236D3740043240A /* DemoSDK.framework */,
				E6BB5AB42236D3740043240A /* DemoSDKTests.xctest */,
			);
			name = Products;
			sourceTree = "<group>";
		};
		E6BB5A642236BA390043240A /* DemoProject */ = {
			isa = PBXGroup;
			children = (
				E6BB5A652236BA390043240A /* AppDelegate.swift */,
				E6BB5ACC2236D3AE0043240A /* sample.json */,
				E6C745B82239720F004D752E /* test1.json */,
				E6C745BA22397227004D752E /* test2.json */,
				E6BB5A692236BA390043240A /* Main.storyboard */,
				E6F2D4482236EA030047F449 /* controllers */,
				E6F2D4422236E4A30047F449 /* cells */,
				E6F2D4432236E4B20047F449 /* nibs */,
				E6BB5A6C2236BA3B0043240A /* Assets.xcassets */,
				E6BB5A6E2236BA3B0043240A /* LaunchScreen.storyboard */,
				E6BB5A712236BA3B0043240A /* Info.plist */,
			);
			path = DemoProject;
			sourceTree = "<group>";
		};
		E6BB5A792236BA3B0043240A /* DemoProjectTests */ = {
			isa = PBXGroup;
			children = (
				E6BB5A7A2236BA3B0043240A /* DemoProjectTests.swift */,
				E6BB5A7C2236BA3B0043240A /* Info.plist */,
			);
			path = DemoProjectTests;
			sourceTree = "<group>";
		};
		E6BB5A842236BA3B0043240A /* DemoProjectUITests */ = {
			isa = PBXGroup;
			children = (
				E6BB5A852236BA3B0043240A /* DemoProjectUITests.swift */,
				E6BB5A872236BA3B0043240A /* Info.plist */,
			);
			path = DemoProjectUITests;
			sourceTree = "<group>";
		};
		E6BB5AAD2236D3740043240A /* DemoSDK */ = {
			isa = PBXGroup;
			children = (
				E6BB5AAE2236D3740043240A /* DemoSDK.h */,
				E6BB5ACA2236D39C0043240A /* DemoSDK.swift */,
				E6BB5AAF2236D3740043240A /* Info.plist */,
				E6C745B722397007004D752E /* Models */,
			);
			path = DemoSDK;
			sourceTree = "<group>";
		};
		E6BB5ABA2236D3740043240A /* DemoSDKTests */ = {
			isa = PBXGroup;
			children = (
				E6BB5ABB2236D3740043240A /* DemoSDKTests.swift */,
				E6BB5ABD2236D3740043240A /* Info.plist */,
			);
			path = DemoSDKTests;
			sourceTree = "<group>";
		};
		E6C745B722397007004D752E /* Models */ = {
			isa = PBXGroup;
			children = (
				E6C7459D22383B34004D752E /* City.swift */,
				E6C7459B22383B34004D752E /* Mall.swift */,
				E6C7459E22383B35004D752E /* Root.swift */,
				E6C7459C22383B34004D752E /* Shop.swift */,
			);
			path = Models;
			sourceTree = "<group>";
		};
		E6F2D4422236E4A30047F449 /* cells */ = {
			isa = PBXGroup;
			children = (
				E6F2D4442236E4E00047F449 /* LabelCell.swift */,
				E6F2D44B2236F3A10047F449 /* DetailViewCell.swift */,
			);
			path = cells;
			sourceTree = "<group>";
		};
		E6F2D4432236E4B20047F449 /* nibs */ = {
			isa = PBXGroup;
			children = (
				E6F2D4452236E4E00047F449 /* LabelCell.xib */,
			);
			path = nibs;
			sourceTree = "<group>";
		};
		E6F2D4482236EA030047F449 /* controllers */ = {
			isa = PBXGroup;
			children = (
				E6F2D4492236EA690047F449 /* CityController.swift */,
				E6BB5A672236BA390043240A /* MainController.swift */,
				E6C745A322385A2B004D752E /* MallController.swift */,
			);
			path = controllers;
			sourceTree = "<group>";
		};
/* End PBXGroup section */

/* Begin PBXHeadersBuildPhase section */
		E6BB5AA72236D3740043240A /* Headers */ = {
			isa = PBXHeadersBuildPhase;
			buildActionMask = 2147483647;
			files = (
				E6BB5ABE2236D3740043240A /* DemoSDK.h in Headers */,
			);
			runOnlyForDeploymentPostprocessing = 0;
		};
/* End PBXHeadersBuildPhase section */

/* Begin PBXNativeTarget section */
		E6BB5A612236BA390043240A /* DemoProject */ = {
			isa = PBXNativeTarget;
			buildConfigurationList = E6BB5A8A2236BA3B0043240A /* Build configuration list for PBXNativeTarget "DemoProject" */;
			buildPhases = (
				E6BB5A5E2236BA390043240A /* Sources */,
				E6BB5A5F2236BA390043240A /* Frameworks */,
				E6BB5A602236BA390043240A /* Resources */,
				E6BB5AC82236D3740043240A /* Embed Frameworks */,
			);
			buildRules = (
			);
			dependencies = (
				E6BB5AC02236D3740043240A /* PBXTargetDependency */,
			);
			name = DemoProject;
			productName = DemoProject;
			productReference = E6BB5A622236BA390043240A /* DemoProject.app */;
			productType = "com.apple.product-type.application";
		};
		E6BB5A752236BA3B0043240A /* DemoProjectTests */ = {
			isa = PBXNativeTarget;
			buildConfigurationList = E6BB5A8D2236BA3B0043240A /* Build configuration list for PBXNativeTarget "DemoProjectTests" */;
			buildPhases = (
				E6BB5A722236BA3B0043240A /* Sources */,
				E6BB5A732236BA3B0043240A /* Frameworks */,
				E6BB5A742236BA3B0043240A /* Resources */,
			);
			buildRules = (
			);
			dependencies = (
				E6BB5A782236BA3B0043240A /* PBXTargetDependency */,
			);
			name = DemoProjectTests;
			productName = DemoProjectTests;
			productReference = E6BB5A762236BA3B0043240A /* DemoProjectTests.xctest */;
			productType = "com.apple.product-type.bundle.unit-test";
		};
		E6BB5A802236BA3B0043240A /* DemoProjectUITests */ = {
			isa = PBXNativeTarget;
			buildConfigurationList = E6BB5A902236BA3B0043240A /* Build configuration list for PBXNativeTarget "DemoProjectUITests" */;
			buildPhases = (
				E6BB5A7D2236BA3B0043240A /* Sources */,
				E6BB5A7E2236BA3B0043240A /* Frameworks */,
				E6BB5A7F2236BA3B0043240A /* Resources */,
			);
			buildRules = (
			);
			dependencies = (
				E6BB5A832236BA3B0043240A /* PBXTargetDependency */,
			);
			name = DemoProjectUITests;
			productName = DemoProjectUITests;
			productReference = E6BB5A812236BA3B0043240A /* DemoProjectUITests.xctest */;
			productType = "com.apple.product-type.bundle.ui-testing";
		};
		E6BB5AAB2236D3740043240A /* DemoSDK */ = {
			isa = PBXNativeTarget;
			buildConfigurationList = E6BB5AC72236D3740043240A /* Build configuration list for PBXNativeTarget "DemoSDK" */;
			buildPhases = (
				E6BB5AA72236D3740043240A /* Headers */,
				E6BB5AA82236D3740043240A /* Sources */,
				E6BB5AA92236D3740043240A /* Frameworks */,
				E6BB5AAA2236D3740043240A /* Resources */,
			);
			buildRules = (
			);
			dependencies = (
			);
			name = DemoSDK;
			productName = DemoSDK;
			productReference = E6BB5AAC2236D3740043240A /* DemoSDK.framework */;
			productType = "com.apple.product-type.framework";
		};
		E6BB5AB32236D3740043240A /* DemoSDKTests */ = {
			isa = PBXNativeTarget;
			buildConfigurationList = E6BB5AC92236D3740043240A /* Build configuration list for PBXNativeTarget "DemoSDKTests" */;
			buildPhases = (
				E6BB5AB02236D3740043240A /* Sources */,
				E6BB5AB12236D3740043240A /* Frameworks */,
				E6BB5AB22236D3740043240A /* Resources */,
			);
			buildRules = (
			);
			dependencies = (
				E6BB5AB72236D3740043240A /* PBXTargetDependency */,
				E6BB5AB92236D3740043240A /* PBXTargetDependency */,
			);
			name = DemoSDKTests;
			productName = DemoSDKTests;
			productReference = E6BB5AB42236D3740043240A /* DemoSDKTests.xctest */;
			productType = "com.apple.product-type.bundle.unit-test";
		};
/* End PBXNativeTarget section */

/* Begin PBXProject section */
		E6BB5A5A2236BA390043240A /* Project object */ = {
			isa = PBXProject;
			attributes = {
				LastSwiftUpdateCheck = 1010;
				LastUpgradeCheck = 1010;
				ORGANIZATIONNAME = "Manenga Mungandi";
				TargetAttributes = {
					E6BB5A612236BA390043240A = {
						CreatedOnToolsVersion = 10.1;
					};
					E6BB5A752236BA3B0043240A = {
						CreatedOnToolsVersion = 10.1;
						TestTargetID = E6BB5A612236BA390043240A;
					};
					E6BB5A802236BA3B0043240A = {
						CreatedOnToolsVersion = 10.1;
						TestTargetID = E6BB5A612236BA390043240A;
					};
					E6BB5AAB2236D3740043240A = {
						CreatedOnToolsVersion = 10.1;
						LastSwiftMigration = 1010;
					};
					E6BB5AB32236D3740043240A = {
						CreatedOnToolsVersion = 10.1;
						TestTargetID = E6BB5A612236BA390043240A;
					};
				};
			};
			buildConfigurationList = E6BB5A5D2236BA390043240A /* Build configuration list for PBXProject "DemoProject" */;
			compatibilityVersion = "Xcode 9.3";
			developmentRegion = en;
			hasScannedForEncodings = 0;
			knownRegions = (
				en,
				Base,
			);
			mainGroup = E6BB5A592236BA390043240A;
			productRefGroup = E6BB5A632236BA390043240A /* Products */;
			projectDirPath = "";
			projectRoot = "";
			targets = (
				E6BB5A612236BA390043240A /* DemoProject */,
				E6BB5A752236BA3B0043240A /* DemoProjectTests */,
				E6BB5A802236BA3B0043240A /* DemoProjectUITests */,
				E6BB5AAB2236D3740043240A /* DemoSDK */,
				E6BB5AB32236D3740043240A /* DemoSDKTests */,
			);
		};
/* End PBXProject section */

/* Begin PBXResourcesBuildPhase section */
		E6BB5A602236BA390043240A /* Resources */ = {
			isa = PBXResourcesBuildPhase;
			buildActionMask = 2147483647;
			files = (
				E6BB5A702236BA3B0043240A /* LaunchScreen.storyboard in Resources */,
				E6F2D4472236E4E00047F449 /* LabelCell.xib in Resources */,
				E6C745BB22397227004D752E /* test2.json in Resources */,
				E6BB5ACD2236D3AE0043240A /* sample.json in Resources */,
				E6BB5A6D2236BA3B0043240A /* Assets.xcassets in Resources */,
				E6BB5A6B2236BA390043240A /* Main.storyboard in Resources */,
				E6C745B92239720F004D752E /* test1.json in Resources */,
			);
			runOnlyForDeploymentPostprocessing = 0;
		};
		E6BB5A742236BA3B0043240A /* Resources */ = {
			isa = PBXResourcesBuildPhase;
			buildActionMask = 2147483647;
			files = (
			);
			runOnlyForDeploymentPostprocessing = 0;
		};
		E6BB5A7F2236BA3B0043240A /* Resources */ = {
			isa = PBXResourcesBuildPhase;
			buildActionMask = 2147483647;
			files = (
			);
			runOnlyForDeploymentPostprocessing = 0;
		};
		E6BB5AAA2236D3740043240A /* Resources */ = {
			isa = PBXResourcesBuildPhase;
			buildActionMask = 2147483647;
			files = (
			);
			runOnlyForDeploymentPostprocessing = 0;
		};
		E6BB5AB22236D3740043240A /* Resources */ = {
			isa = PBXResourcesBuildPhase;
			buildActionMask = 2147483647;
			files = (
			);
			runOnlyForDeploymentPostprocessing = 0;
		};
/* End PBXResourcesBuildPhase section */

/* Begin PBXSourcesBuildPhase section */
		E6BB5A5E2236BA390043240A /* Sources */ = {
			isa = PBXSourcesBuildPhase;
			buildActionMask = 2147483647;
			files = (
				E6BB5A682236BA390043240A /* MainController.swift in Sources */,
				E6F2D44A2236EA690047F449 /* CityController.swift in Sources */,
				E6F2D44C2236F3A10047F449 /* DetailViewCell.swift in Sources */,
				E6C745A422385A2B004D752E /* MallController.swift in Sources */,
				E6BB5A662236BA390043240A /* AppDelegate.swift in Sources */,
				E6F2D4462236E4E00047F449 /* LabelCell.swift in Sources */,
			);
			runOnlyForDeploymentPostprocessing = 0;
		};
		E6BB5A722236BA3B0043240A /* Sources */ = {
			isa = PBXSourcesBuildPhase;
			buildActionMask = 2147483647;
			files = (
				E6BB5A7B2236BA3B0043240A /* DemoProjectTests.swift in Sources */,
			);
			runOnlyForDeploymentPostprocessing = 0;
		};
		E6BB5A7D2236BA3B0043240A /* Sources */ = {
			isa = PBXSourcesBuildPhase;
			buildActionMask = 2147483647;
			files = (
				E6BB5A862236BA3B0043240A /* DemoProjectUITests.swift in Sources */,
			);
			runOnlyForDeploymentPostprocessing = 0;
		};
		E6BB5AA82236D3740043240A /* Sources */ = {
			isa = PBXSourcesBuildPhase;
			buildActionMask = 2147483647;
			files = (
				E6BB5ACB2236D39C0043240A /* DemoSDK.swift in Sources */,
				E6C745A122383B35004D752E /* City.swift in Sources */,
				E6C7459F22383B35004D752E /* Mall.swift in Sources */,
				E6C745A022383B35004D752E /* Shop.swift in Sources */,
				E6C745A222383B35004D752E /* Root.swift in Sources */,
			);
			runOnlyForDeploymentPostprocessing = 0;
		};
		E6BB5AB02236D3740043240A /* Sources */ = {
			isa = PBXSourcesBuildPhase;
			buildActionMask = 2147483647;
			files = (
				E6BB5ABC2236D3740043240A /* DemoSDKTests.swift in Sources */,
			);
			runOnlyForDeploymentPostprocessing = 0;
		};
/* End PBXSourcesBuildPhase section */

/* Begin PBXTargetDependency section */
		E6BB5A782236BA3B0043240A /* PBXTargetDependency */ = {
			isa = PBXTargetDependency;
			target = E6BB5A612236BA390043240A /* DemoProject */;
			targetProxy = E6BB5A772236BA3B0043240A /* PBXContainerItemProxy */;
		};
		E6BB5A832236BA3B0043240A /* PBXTargetDependency */ = {
			isa = PBXTargetDependency;
			target = E6BB5A612236BA390043240A /* DemoProject */;
			targetProxy = E6BB5A822236BA3B0043240A /* PBXContainerItemProxy */;
		};
		E6BB5AB72236D3740043240A /* PBXTargetDependency */ = {
			isa = PBXTargetDependency;
			target = E6BB5AAB2236D3740043240A /* DemoSDK */;
			targetProxy = E6BB5AB62236D3740043240A /* PBXContainerItemProxy */;
		};
		E6BB5AB92236D3740043240A /* PBXTargetDependency */ = {
			isa = PBXTargetDependency;
			target = E6BB5A612236BA390043240A /* DemoProject */;
			targetProxy = E6BB5AB82236D3740043240A /* PBXContainerItemProxy */;
		};
		E6BB5AC02236D3740043240A /* PBXTargetDependency */ = {
			isa = PBXTargetDependency;
			target = E6BB5AAB2236D3740043240A /* DemoSDK */;
			targetProxy = E6BB5ABF2236D3740043240A /* PBXContainerItemProxy */;
		};
/* End PBXTargetDependency section */

/* Begin PBXVariantGroup section */
		E6BB5A692236BA390043240A /* Main.storyboard */ = {
			isa = PBXVariantGroup;
			children = (
				E6BB5A6A2236BA390043240A /* Base */,
			);
			name = Main.storyboard;
			sourceTree = "<group>";
		};
		E6BB5A6E2236BA3B0043240A /* LaunchScreen.storyboard */ = {
			isa = PBXVariantGroup;
			children = (
				E6BB5A6F2236BA3B0043240A /* Base */,
			);
			name = LaunchScreen.storyboard;
			sourceTree = "<group>";
		};
/* End PBXVariantGroup section */

/* Begin XCBuildConfiguration section */
		E6BB5A882236BA3B0043240A /* Debug */ = {
			isa = XCBuildConfiguration;
			buildSettings = {
				ALWAYS_SEARCH_USER_PATHS = NO;
				CLANG_ANALYZER_NONNULL = YES;
				CLANG_ANALYZER_NUMBER_OBJECT_CONVERSION = YES_AGGRESSIVE;
				CLANG_CXX_LANGUAGE_STANDARD = "gnu++14";
				CLANG_CXX_LIBRARY = "libc++";
				CLANG_ENABLE_MODULES = YES;
				CLANG_ENABLE_OBJC_ARC = YES;
				CLANG_ENABLE_OBJC_WEAK = YES;
				CLANG_WARN_BLOCK_CAPTURE_AUTORELEASING = YES;
				CLANG_WARN_BOOL_CONVERSION = YES;
				CLANG_WARN_COMMA = YES;
				CLANG_WARN_CONSTANT_CONVERSION = YES;
				CLANG_WARN_DEPRECATED_OBJC_IMPLEMENTATIONS = YES;
				CLANG_WARN_DIRECT_OBJC_ISA_USAGE = YES_ERROR;
				CLANG_WARN_DOCUMENTATION_COMMENTS = YES;
				CLANG_WARN_EMPTY_BODY = YES;
				CLANG_WARN_ENUM_CONVERSION = YES;
				CLANG_WARN_INFINITE_RECURSION = YES;
				CLANG_WARN_INT_CONVERSION = YES;
				CLANG_WARN_NON_LITERAL_NULL_CONVERSION = YES;
				CLANG_WARN_OBJC_IMPLICIT_RETAIN_SELF = YES;
				CLANG_WARN_OBJC_LITERAL_CONVERSION = YES;
				CLANG_WARN_OBJC_ROOT_CLASS = YES_ERROR;
				CLANG_WARN_RANGE_LOOP_ANALYSIS = YES;
				CLANG_WARN_STRICT_PROTOTYPES = YES;
				CLANG_WARN_SUSPICIOUS_MOVE = YES;
				CLANG_WARN_UNGUARDED_AVAILABILITY = YES_AGGRESSIVE;
				CLANG_WARN_UNREACHABLE_CODE = YES;
				CLANG_WARN__DUPLICATE_METHOD_MATCH = YES;
				CODE_SIGN_IDENTITY = "iPhone Developer";
				COPY_PHASE_STRIP = NO;
				DEBUG_INFORMATION_FORMAT = dwarf;
				ENABLE_STRICT_OBJC_MSGSEND = YES;
				ENABLE_TESTABILITY = YES;
				GCC_C_LANGUAGE_STANDARD = gnu11;
				GCC_DYNAMIC_NO_PIC = NO;
				GCC_NO_COMMON_BLOCKS = YES;
				GCC_OPTIMIZATION_LEVEL = 0;
				GCC_PREPROCESSOR_DEFINITIONS = (
					"DEBUG=1",
					"$(inherited)",
				);
				GCC_WARN_64_TO_32_BIT_CONVERSION = YES;
				GCC_WARN_ABOUT_RETURN_TYPE = YES_ERROR;
				GCC_WARN_UNDECLARED_SELECTOR = YES;
				GCC_WARN_UNINITIALIZED_AUTOS = YES_AGGRESSIVE;
				GCC_WARN_UNUSED_FUNCTION = YES;
				GCC_WARN_UNUSED_VARIABLE = YES;
				IPHONEOS_DEPLOYMENT_TARGET = 12.1;
				MTL_ENABLE_DEBUG_INFO = INCLUDE_SOURCE;
				MTL_FAST_MATH = YES;
				ONLY_ACTIVE_ARCH = YES;
				SDKROOT = iphoneos;
				SWIFT_ACTIVE_COMPILATION_CONDITIONS = DEBUG;
				SWIFT_OPTIMIZATION_LEVEL = "-Onone";
			};
			name = Debug;
		};
		E6BB5A892236BA3B0043240A /* Release */ = {
			isa = XCBuildConfiguration;
			buildSettings = {
				ALWAYS_SEARCH_USER_PATHS = NO;
				CLANG_ANALYZER_NONNULL = YES;
				CLANG_ANALYZER_NUMBER_OBJECT_CONVERSION = YES_AGGRESSIVE;
				CLANG_CXX_LANGUAGE_STANDARD = "gnu++14";
				CLANG_CXX_LIBRARY = "libc++";
				CLANG_ENABLE_MODULES = YES;
				CLANG_ENABLE_OBJC_ARC = YES;
				CLANG_ENABLE_OBJC_WEAK = YES;
				CLANG_WARN_BLOCK_CAPTURE_AUTORELEASING = YES;
				CLANG_WARN_BOOL_CONVERSION = YES;
				CLANG_WARN_COMMA = YES;
				CLANG_WARN_CONSTANT_CONVERSION = YES;
				CLANG_WARN_DEPRECATED_OBJC_IMPLEMENTATIONS = YES;
				CLANG_WARN_DIRECT_OBJC_ISA_USAGE = YES_ERROR;
				CLANG_WARN_DOCUMENTATION_COMMENTS = YES;
				CLANG_WARN_EMPTY_BODY = YES;
				CLANG_WARN_ENUM_CONVERSION = YES;
				CLANG_WARN_INFINITE_RECURSION = YES;
				CLANG_WARN_INT_CONVERSION = YES;
				CLANG_WARN_NON_LITERAL_NULL_CONVERSION = YES;
				CLANG_WARN_OBJC_IMPLICIT_RETAIN_SELF = YES;
				CLANG_WARN_OBJC_LITERAL_CONVERSION = YES;
				CLANG_WARN_OBJC_ROOT_CLASS = YES_ERROR;
				CLANG_WARN_RANGE_LOOP_ANALYSIS = YES;
				CLANG_WARN_STRICT_PROTOTYPES = YES;
				CLANG_WARN_SUSPICIOUS_MOVE = YES;
				CLANG_WARN_UNGUARDED_AVAILABILITY = YES_AGGRESSIVE;
				CLANG_WARN_UNREACHABLE_CODE = YES;
				CLANG_WARN__DUPLICATE_METHOD_MATCH = YES;
				CODE_SIGN_IDENTITY = "iPhone Developer";
				COPY_PHASE_STRIP = NO;
				DEBUG_INFORMATION_FORMAT = "dwarf-with-dsym";
				ENABLE_NS_ASSERTIONS = NO;
				ENABLE_STRICT_OBJC_MSGSEND = YES;
				GCC_C_LANGUAGE_STANDARD = gnu11;
				GCC_NO_COMMON_BLOCKS = YES;
				GCC_WARN_64_TO_32_BIT_CONVERSION = YES;
				GCC_WARN_ABOUT_RETURN_TYPE = YES_ERROR;
				GCC_WARN_UNDECLARED_SELECTOR = YES;
				GCC_WARN_UNINITIALIZED_AUTOS = YES_AGGRESSIVE;
				GCC_WARN_UNUSED_FUNCTION = YES;
				GCC_WARN_UNUSED_VARIABLE = YES;
				IPHONEOS_DEPLOYMENT_TARGET = 12.1;
				MTL_ENABLE_DEBUG_INFO = NO;
				MTL_FAST_MATH = YES;
				SDKROOT = iphoneos;
				SWIFT_COMPILATION_MODE = wholemodule;
				SWIFT_OPTIMIZATION_LEVEL = "-O";
				VALIDATE_PRODUCT = YES;
			};
			name = Release;
		};
		E6BB5A8B2236BA3B0043240A /* Debug */ = {
			isa = XCBuildConfiguration;
			buildSettings = {
				ALWAYS_EMBED_SWIFT_STANDARD_LIBRARIES = YES;
				ASSETCATALOG_COMPILER_APPICON_NAME = AppIcon;
				CODE_SIGN_STYLE = Automatic;
				INFOPLIST_FILE = DemoProject/Info.plist;
				LD_RUNPATH_SEARCH_PATHS = (
					"$(inherited)",
					"@executable_path/Frameworks",
				);
				PRODUCT_BUNDLE_IDENTIFIER = tech.entersekt.DemoProject;
				PRODUCT_NAME = "$(TARGET_NAME)";
				SWIFT_VERSION = 4.2;
				TARGETED_DEVICE_FAMILY = "1,2";
			};
			name = Debug;
		};
		E6BB5A8C2236BA3B0043240A /* Release */ = {
			isa = XCBuildConfiguration;
			buildSettings = {
				ALWAYS_EMBED_SWIFT_STANDARD_LIBRARIES = YES;
				ASSETCATALOG_COMPILER_APPICON_NAME = AppIcon;
				CODE_SIGN_STYLE = Automatic;
				INFOPLIST_FILE = DemoProject/Info.plist;
				LD_RUNPATH_SEARCH_PATHS = (
					"$(inherited)",
					"@executable_path/Frameworks",
				);
				PRODUCT_BUNDLE_IDENTIFIER = tech.entersekt.DemoProject;
				PRODUCT_NAME = "$(TARGET_NAME)";
				SWIFT_VERSION = 4.2;
				TARGETED_DEVICE_FAMILY = "1,2";
			};
			name = Release;
		};
		E6BB5A8E2236BA3B0043240A /* Debug */ = {
			isa = XCBuildConfiguration;
			buildSettings = {
				ALWAYS_EMBED_SWIFT_STANDARD_LIBRARIES = YES;
				BUNDLE_LOADER = "$(TEST_HOST)";
				CODE_SIGN_STYLE = Automatic;
				INFOPLIST_FILE = DemoProjectTests/Info.plist;
				LD_RUNPATH_SEARCH_PATHS = (
					"$(inherited)",
					"@executable_path/Frameworks",
					"@loader_path/Frameworks",
				);
				PRODUCT_BUNDLE_IDENTIFIER = tech.entersekt.DemoProjectTests;
				PRODUCT_NAME = "$(TARGET_NAME)";
				SWIFT_VERSION = 4.2;
				TARGETED_DEVICE_FAMILY = "1,2";
				TEST_HOST = "$(BUILT_PRODUCTS_DIR)/DemoProject.app/DemoProject";
			};
			name = Debug;
		};
		E6BB5A8F2236BA3B0043240A /* Release */ = {
			isa = XCBuildConfiguration;
			buildSettings = {
				ALWAYS_EMBED_SWIFT_STANDARD_LIBRARIES = YES;
				BUNDLE_LOADER = "$(TEST_HOST)";
				CODE_SIGN_STYLE = Automatic;
				INFOPLIST_FILE = DemoProjectTests/Info.plist;
				LD_RUNPATH_SEARCH_PATHS = (
					"$(inherited)",
					"@executable_path/Frameworks",
					"@loader_path/Frameworks",
				);
				PRODUCT_BUNDLE_IDENTIFIER = tech.entersekt.DemoProjectTests;
				PRODUCT_NAME = "$(TARGET_NAME)";
				SWIFT_VERSION = 4.2;
				TARGETED_DEVICE_FAMILY = "1,2";
				TEST_HOST = "$(BUILT_PRODUCTS_DIR)/DemoProject.app/DemoProject";
			};
			name = Release;
		};
		E6BB5A912236BA3B0043240A /* Debug */ = {
			isa = XCBuildConfiguration;
			buildSettings = {
				ALWAYS_EMBED_SWIFT_STANDARD_LIBRARIES = YES;
				CODE_SIGN_STYLE = Automatic;
				INFOPLIST_FILE = DemoProjectUITests/Info.plist;
				LD_RUNPATH_SEARCH_PATHS = (
					"$(inherited)",
					"@executable_path/Frameworks",
					"@loader_path/Frameworks",
				);
				PRODUCT_BUNDLE_IDENTIFIER = tech.entersekt.DemoProjectUITests;
				PRODUCT_NAME = "$(TARGET_NAME)";
				SWIFT_VERSION = 4.2;
				TARGETED_DEVICE_FAMILY = "1,2";
				TEST_TARGET_NAME = DemoProject;
			};
			name = Debug;
		};
		E6BB5A922236BA3B0043240A /* Release */ = {
			isa = XCBuildConfiguration;
			buildSettings = {
				ALWAYS_EMBED_SWIFT_STANDARD_LIBRARIES = YES;
				CODE_SIGN_STYLE = Automatic;
				INFOPLIST_FILE = DemoProjectUITests/Info.plist;
				LD_RUNPATH_SEARCH_PATHS = (
					"$(inherited)",
					"@executable_path/Frameworks",
					"@loader_path/Frameworks",
				);
				PRODUCT_BUNDLE_IDENTIFIER = tech.entersekt.DemoProjectUITests;
				PRODUCT_NAME = "$(TARGET_NAME)";
				SWIFT_VERSION = 4.2;
				TARGETED_DEVICE_FAMILY = "1,2";
				TEST_TARGET_NAME = DemoProject;
			};
			name = Release;
		};
		E6BB5AC32236D3740043240A /* Debug */ = {
			isa = XCBuildConfiguration;
			buildSettings = {
				CLANG_ENABLE_MODULES = YES;
				CODE_SIGN_IDENTITY = "";
				CODE_SIGN_STYLE = Automatic;
				CURRENT_PROJECT_VERSION = 1;
				DEFINES_MODULE = YES;
				DYLIB_COMPATIBILITY_VERSION = 1;
				DYLIB_CURRENT_VERSION = 1;
				DYLIB_INSTALL_NAME_BASE = "@rpath";
				INFOPLIST_FILE = DemoSDK/Info.plist;
				INSTALL_PATH = "$(LOCAL_LIBRARY_DIR)/Frameworks";
				LD_RUNPATH_SEARCH_PATHS = (
					"$(inherited)",
					"@executable_path/Frameworks",
					"@loader_path/Frameworks",
				);
				PRODUCT_BUNDLE_IDENTIFIER = tech.entersekt.DemoSDK;
				PRODUCT_NAME = "$(TARGET_NAME:c99extidentifier)";
				SKIP_INSTALL = YES;
				SWIFT_OPTIMIZATION_LEVEL = "-Onone";
				SWIFT_VERSION = 4.2;
				TARGETED_DEVICE_FAMILY = "1,2";
				VERSIONING_SYSTEM = "apple-generic";
				VERSION_INFO_PREFIX = "";
			};
			name = Debug;
		};
		E6BB5AC42236D3740043240A /* Release */ = {
			isa = XCBuildConfiguration;
			buildSettings = {
				CLANG_ENABLE_MODULES = YES;
				CODE_SIGN_IDENTITY = "";
				CODE_SIGN_STYLE = Automatic;
				CURRENT_PROJECT_VERSION = 1;
				DEFINES_MODULE = YES;
				DYLIB_COMPATIBILITY_VERSION = 1;
				DYLIB_CURRENT_VERSION = 1;
				DYLIB_INSTALL_NAME_BASE = "@rpath";
				INFOPLIST_FILE = DemoSDK/Info.plist;
				INSTALL_PATH = "$(LOCAL_LIBRARY_DIR)/Frameworks";
				LD_RUNPATH_SEARCH_PATHS = (
					"$(inherited)",
					"@executable_path/Frameworks",
					"@loader_path/Frameworks",
				);
				PRODUCT_BUNDLE_IDENTIFIER = tech.entersekt.DemoSDK;
				PRODUCT_NAME = "$(TARGET_NAME:c99extidentifier)";
				SKIP_INSTALL = YES;
				SWIFT_VERSION = 4.2;
				TARGETED_DEVICE_FAMILY = "1,2";
				VERSIONING_SYSTEM = "apple-generic";
				VERSION_INFO_PREFIX = "";
			};
			name = Release;
		};
		E6BB5AC52236D3740043240A /* Debug */ = {
			isa = XCBuildConfiguration;
			buildSettings = {
				ALWAYS_EMBED_SWIFT_STANDARD_LIBRARIES = YES;
				CODE_SIGN_STYLE = Automatic;
				INFOPLIST_FILE = DemoSDKTests/Info.plist;
				LD_RUNPATH_SEARCH_PATHS = (
					"$(inherited)",
					"@executable_path/Frameworks",
					"@loader_path/Frameworks",
				);
				PRODUCT_BUNDLE_IDENTIFIER = tech.entersekt.DemoSDKTests;
				PRODUCT_NAME = "$(TARGET_NAME)";
				SWIFT_VERSION = 4.2;
				TARGETED_DEVICE_FAMILY = "1,2";
				TEST_HOST = "$(BUILT_PRODUCTS_DIR)/DemoProject.app/DemoProject";
			};
			name = Debug;
		};
		E6BB5AC62236D3740043240A /* Release */ = {
			isa = XCBuildConfiguration;
			buildSettings = {
				ALWAYS_EMBED_SWIFT_STANDARD_LIBRARIES = YES;
				CODE_SIGN_STYLE = Automatic;
				INFOPLIST_FILE = DemoSDKTests/Info.plist;
				LD_RUNPATH_SEARCH_PATHS = (
					"$(inherited)",
					"@executable_path/Frameworks",
					"@loader_path/Frameworks",
				);
				PRODUCT_BUNDLE_IDENTIFIER = tech.entersekt.DemoSDKTests;
				PRODUCT_NAME = "$(TARGET_NAME)";
				SWIFT_VERSION = 4.2;
				TARGETED_DEVICE_FAMILY = "1,2";
				TEST_HOST = "$(BUILT_PRODUCTS_DIR)/DemoProject.app/DemoProject";
			};
			name = Release;
		};
/* End XCBuildConfiguration section */

/* Begin XCConfigurationList section */
		E6BB5A5D2236BA390043240A /* Build configuration list for PBXProject "DemoProject" */ = {
			isa = XCConfigurationList;
			buildConfigurations = (
				E6BB5A882236BA3B0043240A /* Debug */,
				E6BB5A892236BA3B0043240A /* Release */,
			);
			defaultConfigurationIsVisible = 0;
			defaultConfigurationName = Release;
		};
		E6BB5A8A2236BA3B0043240A /* Build configuration list for PBXNativeTarget "DemoProject" */ = {
			isa = XCConfigurationList;
			buildConfigurations = (
				E6BB5A8B2236BA3B0043240A /* Debug */,
				E6BB5A8C2236BA3B0043240A /* Release */,
			);
			defaultConfigurationIsVisible = 0;
			defaultConfigurationName = Release;
		};
		E6BB5A8D2236BA3B0043240A /* Build configuration list for PBXNativeTarget "DemoProjectTests" */ = {
			isa = XCConfigurationList;
			buildConfigurations = (
				E6BB5A8E2236BA3B0043240A /* Debug */,
				E6BB5A8F2236BA3B0043240A /* Release */,
			);
			defaultConfigurationIsVisible = 0;
			defaultConfigurationName = Release;
		};
		E6BB5A902236BA3B0043240A /* Build configuration list for PBXNativeTarget "DemoProjectUITests" */ = {
			isa = XCConfigurationList;
			buildConfigurations = (
				E6BB5A912236BA3B0043240A /* Debug */,
				E6BB5A922236BA3B0043240A /* Release */,
			);
			defaultConfigurationIsVisible = 0;
			defaultConfigurationName = Release;
		};
		E6BB5AC72236D3740043240A /* Build configuration list for PBXNativeTarget "DemoSDK" */ = {
			isa = XCConfigurationList;
			buildConfigurations = (
				E6BB5AC32236D3740043240A /* Debug */,
				E6BB5AC42236D3740043240A /* Release */,
			);
			defaultConfigurationIsVisible = 0;
			defaultConfigurationName = Release;
		};
		E6BB5AC92236D3740043240A /* Build configuration list for PBXNativeTarget "DemoSDKTests" */ = {
			isa = XCConfigurationList;
			buildConfigurations = (
				E6BB5AC52236D3740043240A /* Debug */,
				E6BB5AC62236D3740043240A /* Release */,
			);
			defaultConfigurationIsVisible = 0;
			defaultConfigurationName = Release;
		};
/* End XCConfigurationList section */
	};
	rootObject = E6BB5A5A2236BA390043240A /* Project object */;
}
